// !$*UTF8*$!
{
	archiveVersion = 1;
	classes = {
	};
	objectVersion = 46;
	objects = {

/* Begin PBXBuildFile section */
		F8601A831313225800446C79 /* UIKit.framework in Frameworks */ = {isa = PBXBuildFile; fileRef = F8601A821313225800446C79 /* UIKit.framework */; };
		F8601A851313225800446C79 /* Foundation.framework in Frameworks */ = {isa = PBXBuildFile; fileRef = F8601A841313225800446C79 /* Foundation.framework */; };
		F8601A871313225800446C79 /* CoreGraphics.framework in Frameworks */ = {isa = PBXBuildFile; fileRef = F8601A861313225800446C79 /* CoreGraphics.framework */; };
		F8601A8D1313225800446C79 /* InfoPlist.strings in Resources */ = {isa = PBXBuildFile; fileRef = F8601A8B1313225800446C79 /* InfoPlist.strings */; };
		F8601A901313225800446C79 /* main.m in Sources */ = {isa = PBXBuildFile; fileRef = F8601A8F1313225800446C79 /* main.m */; };
		F8601A931313225800446C79 /* RoutesAppDelegate.m in Sources */ = {isa = PBXBuildFile; fileRef = F8601A921313225800446C79 /* RoutesAppDelegate.m */; };
		F8601A961313225800446C79 /* MainWindow.xib in Resources */ = {isa = PBXBuildFile; fileRef = F8601A941313225800446C79 /* MainWindow.xib */; };
		F8601A991313225800446C79 /* RootViewController.m in Sources */ = {isa = PBXBuildFile; fileRef = F8601A981313225800446C79 /* RootViewController.m */; };
		F8601A9C1313225800446C79 /* RootViewController.xib in Resources */ = {isa = PBXBuildFile; fileRef = F8601A9A1313225800446C79 /* RootViewController.xib */; };
		F8601AA31313228900446C79 /* Routes.xml in Resources */ = {isa = PBXBuildFile; fileRef = F8601AA21313228900446C79 /* Routes.xml */; };
		F8601ABC131322E500446C79 /* XMLDigester.m in Sources */ = {isa = PBXBuildFile; fileRef = F8601AA5131322E400446C79 /* XMLDigester.m */; };
		F8601ABD131322E500446C79 /* XMLDigesterAddObjectRule.m in Sources */ = {isa = PBXBuildFile; fileRef = F8601AA7131322E400446C79 /* XMLDigesterAddObjectRule.m */; };
		F8601ABE131322E500446C79 /* XMLDigesterCallMethodRule.m in Sources */ = {isa = PBXBuildFile; fileRef = F8601AA9131322E400446C79 /* XMLDigesterCallMethodRule.m */; };
		F8601ABF131322E500446C79 /* XMLDigesterCallMethodWithAttributeRule.m in Sources */ = {isa = PBXBuildFile; fileRef = F8601AAB131322E400446C79 /* XMLDigesterCallMethodWithAttributeRule.m */; };
		F8601AC0131322E500446C79 /* XMLDigesterCallMethodWithElementBodyRule.m in Sources */ = {isa = PBXBuildFile; fileRef = F8601AAD131322E400446C79 /* XMLDigesterCallMethodWithElementBodyRule.m */; };
		F8601AC1131322E500446C79 /* XMLDigesterCallParamRule.m in Sources */ = {isa = PBXBuildFile; fileRef = F8601AAF131322E400446C79 /* XMLDigesterCallParamRule.m */; };
		F8601AC2131322E500446C79 /* XMLDigesterObjectCreateRule.m in Sources */ = {isa = PBXBuildFile; fileRef = F8601AB1131322E400446C79 /* XMLDigesterObjectCreateRule.m */; };
		F8601AC3131322E500446C79 /* XMLDigesterPushBodyRule.m in Sources */ = {isa = PBXBuildFile; fileRef = F8601AB3131322E400446C79 /* XMLDigesterPushBodyRule.m */; };
		F8601AC4131322E500446C79 /* XMLDigesterRule.m in Sources */ = {isa = PBXBuildFile; fileRef = F8601AB5131322E400446C79 /* XMLDigesterRule.m */; };
		F8601AC5131322E500446C79 /* XMLDigesterSetNextRule.m in Sources */ = {isa = PBXBuildFile; fileRef = F8601AB7131322E400446C79 /* XMLDigesterSetNextRule.m */; };
		F8601AC6131322E500446C79 /* XMLDigesterSetPropertiesRule.m in Sources */ = {isa = PBXBuildFile; fileRef = F8601AB9131322E400446C79 /* XMLDigesterSetPropertiesRule.m */; };
		F8601AC7131322E500446C79 /* XMLDigesterSetPropertyRule.m in Sources */ = {isa = PBXBuildFile; fileRef = F8601ABB131322E500446C79 /* XMLDigesterSetPropertyRule.m */; };
		F8601ACA1313244C00446C79 /* XMLDigesterBlockRule.m in Sources */ = {isa = PBXBuildFile; fileRef = F8601AC91313244C00446C79 /* XMLDigesterBlockRule.m */; };
		F8601ACD131324B200446C79 /* Route.m in Sources */ = {isa = PBXBuildFile; fileRef = F8601ACC131324B200446C79 /* Route.m */; };
		F8601AD01313281B00446C79 /* Stop.m in Sources */ = {isa = PBXBuildFile; fileRef = F8601ACF1313281B00446C79 /* Stop.m */; };
		F8601AD313132B3B00446C79 /* Direction.m in Sources */ = {isa = PBXBuildFile; fileRef = F8601AD213132B3B00446C79 /* Direction.m */; };
		F8601AD6131336BF00446C79 /* DirectionsTableViewController.m in Sources */ = {isa = PBXBuildFile; fileRef = F8601AD5131336BE00446C79 /* DirectionsTableViewController.m */; };
		F8601AD9131338B900446C79 /* StopsTableViewController.m in Sources */ = {isa = PBXBuildFile; fileRef = F8601AD8131338B700446C79 /* StopsTableViewController.m */; };
		F8601ADD13133FC100446C79 /* StopViewController.m in Sources */ = {isa = PBXBuildFile; fileRef = F8601ADB13133FBC00446C79 /* StopViewController.m */; };
		F8601ADE13133FC100446C79 /* StopViewController.xib in Resources */ = {isa = PBXBuildFile; fileRef = F8601ADC13133FBE00446C79 /* StopViewController.xib */; };
		F8601AE013133FED00446C79 /* MapKit.framework in Frameworks */ = {isa = PBXBuildFile; fileRef = F8601ADF13133FED00446C79 /* MapKit.framework */; };
		F8601AE21313414600446C79 /* CoreLocation.framework in Frameworks */ = {isa = PBXBuildFile; fileRef = F8601AE11313414600446C79 /* CoreLocation.framework */; };
		F8601AE5131346C500446C79 /* RoutesParser.m in Sources */ = {isa = PBXBuildFile; fileRef = F8601AE4131346C200446C79 /* RoutesParser.m */; };
/* End PBXBuildFile section */

/* Begin PBXFileReference section */
		F8601A7E1313225800446C79 /* Routes.app */ = {isa = PBXFileReference; explicitFileType = wrapper.application; includeInIndex = 0; path = Routes.app; sourceTree = BUILT_PRODUCTS_DIR; };
		F8601A821313225800446C79 /* UIKit.framework */ = {isa = PBXFileReference; lastKnownFileType = wrapper.framework; name = UIKit.framework; path = System/Library/Frameworks/UIKit.framework; sourceTree = SDKROOT; };
		F8601A841313225800446C79 /* Foundation.framework */ = {isa = PBXFileReference; lastKnownFileType = wrapper.framework; name = Foundation.framework; path = System/Library/Frameworks/Foundation.framework; sourceTree = SDKROOT; };
		F8601A861313225800446C79 /* CoreGraphics.framework */ = {isa = PBXFileReference; lastKnownFileType = wrapper.framework; name = CoreGraphics.framework; path = System/Library/Frameworks/CoreGraphics.framework; sourceTree = SDKROOT; };
		F8601A8A1313225800446C79 /* Routes-Info.plist */ = {isa = PBXFileReference; lastKnownFileType = text.plist.xml; path = "Routes-Info.plist"; sourceTree = "<group>"; };
		F8601A8C1313225800446C79 /* en */ = {isa = PBXFileReference; lastKnownFileType = text.plist.strings; name = en; path = en.lproj/InfoPlist.strings; sourceTree = "<group>"; };
		F8601A8E1313225800446C79 /* Routes-Prefix.pch */ = {isa = PBXFileReference; lastKnownFileType = sourcecode.c.h; path = "Routes-Prefix.pch"; sourceTree = "<group>"; };
		F8601A8F1313225800446C79 /* main.m */ = {isa = PBXFileReference; lastKnownFileType = sourcecode.c.objc; path = main.m; sourceTree = "<group>"; };
		F8601A911313225800446C79 /* RoutesAppDelegate.h */ = {isa = PBXFileReference; lastKnownFileType = sourcecode.c.h; path = RoutesAppDelegate.h; sourceTree = "<group>"; };
		F8601A921313225800446C79 /* RoutesAppDelegate.m */ = {isa = PBXFileReference; lastKnownFileType = sourcecode.c.objc; path = RoutesAppDelegate.m; sourceTree = "<group>"; };
		F8601A951313225800446C79 /* en */ = {isa = PBXFileReference; lastKnownFileType = file.xib; name = en; path = en.lproj/MainWindow.xib; sourceTree = "<group>"; };
		F8601A971313225800446C79 /* RootViewController.h */ = {isa = PBXFileReference; lastKnownFileType = sourcecode.c.h; path = RootViewController.h; sourceTree = "<group>"; };
		F8601A981313225800446C79 /* RootViewController.m */ = {isa = PBXFileReference; lastKnownFileType = sourcecode.c.objc; path = RootViewController.m; sourceTree = "<group>"; };
		F8601A9B1313225800446C79 /* en */ = {isa = PBXFileReference; lastKnownFileType = file.xib; name = en; path = en.lproj/RootViewController.xib; sourceTree = "<group>"; };
		F8601AA21313228900446C79 /* Routes.xml */ = {isa = PBXFileReference; fileEncoding = 4; lastKnownFileType = text.xml; path = Routes.xml; sourceTree = "<group>"; };
		F8601AA4131322E400446C79 /* XMLDigester.h */ = {isa = PBXFileReference; fileEncoding = 4; lastKnownFileType = sourcecode.c.h; path = XMLDigester.h; sourceTree = "<group>"; };
		F8601AA5131322E400446C79 /* XMLDigester.m */ = {isa = PBXFileReference; fileEncoding = 4; lastKnownFileType = sourcecode.c.objc; path = XMLDigester.m; sourceTree = "<group>"; };
		F8601AA6131322E400446C79 /* XMLDigesterAddObjectRule.h */ = {isa = PBXFileReference; fileEncoding = 4; lastKnownFileType = sourcecode.c.h; path = XMLDigesterAddObjectRule.h; sourceTree = "<group>"; };
		F8601AA7131322E400446C79 /* XMLDigesterAddObjectRule.m */ = {isa = PBXFileReference; fileEncoding = 4; lastKnownFileType = sourcecode.c.objc; path = XMLDigesterAddObjectRule.m; sourceTree = "<group>"; };
		F8601AA8131322E400446C79 /* XMLDigesterCallMethodRule.h */ = {isa = PBXFileReference; fileEncoding = 4; lastKnownFileType = sourcecode.c.h; path = XMLDigesterCallMethodRule.h; sourceTree = "<group>"; };
		F8601AA9131322E400446C79 /* XMLDigesterCallMethodRule.m */ = {isa = PBXFileReference; fileEncoding = 4; lastKnownFileType = sourcecode.c.objc; path = XMLDigesterCallMethodRule.m; sourceTree = "<group>"; };
		F8601AAA131322E400446C79 /* XMLDigesterCallMethodWithAttributeRule.h */ = {isa = PBXFileReference; fileEncoding = 4; lastKnownFileType = sourcecode.c.h; path = XMLDigesterCallMethodWithAttributeRule.h; sourceTree = "<group>"; };
		F8601AAB131322E400446C79 /* XMLDigesterCallMethodWithAttributeRule.m */ = {isa = PBXFileReference; fileEncoding = 4; lastKnownFileType = sourcecode.c.objc; path = XMLDigesterCallMethodWithAttributeRule.m; sourceTree = "<group>"; };
		F8601AAC131322E400446C79 /* XMLDigesterCallMethodWithElementBodyRule.h */ = {isa = PBXFileReference; fileEncoding = 4; lastKnownFileType = sourcecode.c.h; path = XMLDigesterCallMethodWithElementBodyRule.h; sourceTree = "<group>"; };
		F8601AAD131322E400446C79 /* XMLDigesterCallMethodWithElementBodyRule.m */ = {isa = PBXFileReference; fileEncoding = 4; lastKnownFileType = sourcecode.c.objc; path = XMLDigesterCallMethodWithElementBodyRule.m; sourceTree = "<group>"; };
		F8601AAE131322E400446C79 /* XMLDigesterCallParamRule.h */ = {isa = PBXFileReference; fileEncoding = 4; lastKnownFileType = sourcecode.c.h; path = XMLDigesterCallParamRule.h; sourceTree = "<group>"; };
		F8601AAF131322E400446C79 /* XMLDigesterCallParamRule.m */ = {isa = PBXFileReference; fileEncoding = 4; lastKnownFileType = sourcecode.c.objc; path = XMLDigesterCallParamRule.m; sourceTree = "<group>"; };
		F8601AB0131322E400446C79 /* XMLDigesterObjectCreateRule.h */ = {isa = PBXFileReference; fileEncoding = 4; lastKnownFileType = sourcecode.c.h; path = XMLDigesterObjectCreateRule.h; sourceTree = "<group>"; };
		F8601AB1131322E400446C79 /* XMLDigesterObjectCreateRule.m */ = {isa = PBXFileReference; fileEncoding = 4; lastKnownFileType = sourcecode.c.objc; path = XMLDigesterObjectCreateRule.m; sourceTree = "<group>"; };
		F8601AB2131322E400446C79 /* XMLDigesterPushBodyRule.h */ = {isa = PBXFileReference; fileEncoding = 4; lastKnownFileType = sourcecode.c.h; path = XMLDigesterPushBodyRule.h; sourceTree = "<group>"; };
		F8601AB3131322E400446C79 /* XMLDigesterPushBodyRule.m */ = {isa = PBXFileReference; fileEncoding = 4; lastKnownFileType = sourcecode.c.objc; path = XMLDigesterPushBodyRule.m; sourceTree = "<group>"; };
		F8601AB4131322E400446C79 /* XMLDigesterRule.h */ = {isa = PBXFileReference; fileEncoding = 4; lastKnownFileType = sourcecode.c.h; path = XMLDigesterRule.h; sourceTree = "<group>"; };
		F8601AB5131322E400446C79 /* XMLDigesterRule.m */ = {isa = PBXFileReference; fileEncoding = 4; lastKnownFileType = sourcecode.c.objc; path = XMLDigesterRule.m; sourceTree = "<group>"; };
		F8601AB6131322E400446C79 /* XMLDigesterSetNextRule.h */ = {isa = PBXFileReference; fileEncoding = 4; lastKnownFileType = sourcecode.c.h; path = XMLDigesterSetNextRule.h; sourceTree = "<group>"; };
		F8601AB7131322E400446C79 /* XMLDigesterSetNextRule.m */ = {isa = PBXFileReference; fileEncoding = 4; lastKnownFileType = sourcecode.c.objc; path = XMLDigesterSetNextRule.m; sourceTree = "<group>"; };
		F8601AB8131322E400446C79 /* XMLDigesterSetPropertiesRule.h */ = {isa = PBXFileReference; fileEncoding = 4; lastKnownFileType = sourcecode.c.h; path = XMLDigesterSetPropertiesRule.h; sourceTree = "<group>"; };
		F8601AB9131322E400446C79 /* XMLDigesterSetPropertiesRule.m */ = {isa = PBXFileReference; fileEncoding = 4; lastKnownFileType = sourcecode.c.objc; path = XMLDigesterSetPropertiesRule.m; sourceTree = "<group>"; };
		F8601ABA131322E400446C79 /* XMLDigesterSetPropertyRule.h */ = {isa = PBXFileReference; fileEncoding = 4; lastKnownFileType = sourcecode.c.h; path = XMLDigesterSetPropertyRule.h; sourceTree = "<group>"; };
		F8601ABB131322E500446C79 /* XMLDigesterSetPropertyRule.m */ = {isa = PBXFileReference; fileEncoding = 4; lastKnownFileType = sourcecode.c.objc; path = XMLDigesterSetPropertyRule.m; sourceTree = "<group>"; };
		F8601AC81313244C00446C79 /* XMLDigesterBlockRule.h */ = {isa = PBXFileReference; fileEncoding = 4; lastKnownFileType = sourcecode.c.h; path = XMLDigesterBlockRule.h; sourceTree = "<group>"; };
		F8601AC91313244C00446C79 /* XMLDigesterBlockRule.m */ = {isa = PBXFileReference; fileEncoding = 4; lastKnownFileType = sourcecode.c.objc; path = XMLDigesterBlockRule.m; sourceTree = "<group>"; };
		F8601ACB131324B200446C79 /* Route.h */ = {isa = PBXFileReference; fileEncoding = 4; lastKnownFileType = sourcecode.c.h; path = Route.h; sourceTree = "<group>"; };
		F8601ACC131324B200446C79 /* Route.m */ = {isa = PBXFileReference; fileEncoding = 4; lastKnownFileType = sourcecode.c.objc; path = Route.m; sourceTree = "<group>"; };
		F8601ACE1313281B00446C79 /* Stop.h */ = {isa = PBXFileReference; fileEncoding = 4; lastKnownFileType = sourcecode.c.h; path = Stop.h; sourceTree = "<group>"; };
		F8601ACF1313281B00446C79 /* Stop.m */ = {isa = PBXFileReference; fileEncoding = 4; lastKnownFileType = sourcecode.c.objc; path = Stop.m; sourceTree = "<group>"; };
		F8601AD113132B3B00446C79 /* Direction.h */ = {isa = PBXFileReference; fileEncoding = 4; lastKnownFileType = sourcecode.c.h; path = Direction.h; sourceTree = "<group>"; };
		F8601AD213132B3B00446C79 /* Direction.m */ = {isa = PBXFileReference; fileEncoding = 4; lastKnownFileType = sourcecode.c.objc; path = Direction.m; sourceTree = "<group>"; };
		F8601AD4131336BD00446C79 /* DirectionsTableViewController.h */ = {isa = PBXFileReference; fileEncoding = 4; lastKnownFileType = sourcecode.c.h; path = DirectionsTableViewController.h; sourceTree = "<group>"; };
		F8601AD5131336BE00446C79 /* DirectionsTableViewController.m */ = {isa = PBXFileReference; fileEncoding = 4; lastKnownFileType = sourcecode.c.objc; path = DirectionsTableViewController.m; sourceTree = "<group>"; };
		F8601AD7131338B600446C79 /* StopsTableViewController.h */ = {isa = PBXFileReference; fileEncoding = 4; lastKnownFileType = sourcecode.c.h; path = StopsTableViewController.h; sourceTree = "<group>"; };
		F8601AD8131338B700446C79 /* StopsTableViewController.m */ = {isa = PBXFileReference; fileEncoding = 4; lastKnownFileType = sourcecode.c.objc; path = StopsTableViewController.m; sourceTree = "<group>"; };
		F8601ADA13133FBA00446C79 /* StopViewController.h */ = {isa = PBXFileReference; fileEncoding = 4; lastKnownFileType = sourcecode.c.h; path = StopViewController.h; sourceTree = "<group>"; };
		F8601ADB13133FBC00446C79 /* StopViewController.m */ = {isa = PBXFileReference; fileEncoding = 4; lastKnownFileType = sourcecode.c.objc; path = StopViewController.m; sourceTree = "<group>"; };
		F8601ADC13133FBE00446C79 /* StopViewController.xib */ = {isa = PBXFileReference; fileEncoding = 4; lastKnownFileType = file.xib; path = StopViewController.xib; sourceTree = "<group>"; };
		F8601ADF13133FED00446C79 /* MapKit.framework */ = {isa = PBXFileReference; lastKnownFileType = wrapper.framework; name = MapKit.framework; path = System/Library/Frameworks/MapKit.framework; sourceTree = SDKROOT; };
		F8601AE11313414600446C79 /* CoreLocation.framework */ = {isa = PBXFileReference; lastKnownFileType = wrapper.framework; name = CoreLocation.framework; path = System/Library/Frameworks/CoreLocation.framework; sourceTree = SDKROOT; };
		F8601AE3131346C000446C79 /* RoutesParser.h */ = {isa = PBXFileReference; fileEncoding = 4; lastKnownFileType = sourcecode.c.h; path = RoutesParser.h; sourceTree = "<group>"; };
		F8601AE4131346C200446C79 /* RoutesParser.m */ = {isa = PBXFileReference; fileEncoding = 4; lastKnownFileType = sourcecode.c.objc; path = RoutesParser.m; sourceTree = "<group>"; };
/* End PBXFileReference section */

/* Begin PBXFrameworksBuildPhase section */
		F8601A7B1313225800446C79 /* Frameworks */ = {
			isa = PBXFrameworksBuildPhase;
			buildActionMask = 2147483647;
			files = (
				F8601AE21313414600446C79 /* CoreLocation.framework in Frameworks */,
				F8601AE013133FED00446C79 /* MapKit.framework in Frameworks */,
				F8601A831313225800446C79 /* UIKit.framework in Frameworks */,
				F8601A851313225800446C79 /* Foundation.framework in Frameworks */,
				F8601A871313225800446C79 /* CoreGraphics.framework in Frameworks */,
			);
			runOnlyForDeploymentPostprocessing = 0;
		};
/* End PBXFrameworksBuildPhase section */

/* Begin PBXGroup section */
		F8601A731313225800446C79 = {
			isa = PBXGroup;
			children = (
				F8601AE11313414600446C79 /* CoreLocation.framework */,
				F8601ADF13133FED00446C79 /* MapKit.framework */,
				F8601A881313225800446C79 /* Routes */,
				F8601A811313225800446C79 /* Frameworks */,
				F8601A7F1313225800446C79 /* Products */,
			);
			sourceTree = "<group>";
		};
		F8601A7F1313225800446C79 /* Products */ = {
			isa = PBXGroup;
			children = (
				F8601A7E1313225800446C79 /* Routes.app */,
			);
			name = Products;
			sourceTree = "<group>";
		};
		F8601A811313225800446C79 /* Frameworks */ = {
			isa = PBXGroup;
			children = (
				F8601A821313225800446C79 /* UIKit.framework */,
				F8601A841313225800446C79 /* Foundation.framework */,
				F8601A861313225800446C79 /* CoreGraphics.framework */,
			);
			name = Frameworks;
			sourceTree = "<group>";
		};
		F8601A881313225800446C79 /* Routes */ = {
			isa = PBXGroup;
			children = (
				F8601AA4131322E400446C79 /* XMLDigester.h */,
				F8601AA5131322E400446C79 /* XMLDigester.m */,
				F8601AA6131322E400446C79 /* XMLDigesterAddObjectRule.h */,
				F8601AA7131322E400446C79 /* XMLDigesterAddObjectRule.m */,
				F8601AA8131322E400446C79 /* XMLDigesterCallMethodRule.h */,
				F8601AA9131322E400446C79 /* XMLDigesterCallMethodRule.m */,
				F8601AAA131322E400446C79 /* XMLDigesterCallMethodWithAttributeRule.h */,
				F8601AAB131322E400446C79 /* XMLDigesterCallMethodWithAttributeRule.m */,
				F8601AAC131322E400446C79 /* XMLDigesterCallMethodWithElementBodyRule.h */,
				F8601AAD131322E400446C79 /* XMLDigesterCallMethodWithElementBodyRule.m */,
				F8601AAE131322E400446C79 /* XMLDigesterCallParamRule.h */,
				F8601AAF131322E400446C79 /* XMLDigesterCallParamRule.m */,
				F8601AB0131322E400446C79 /* XMLDigesterObjectCreateRule.h */,
				F8601AB1131322E400446C79 /* XMLDigesterObjectCreateRule.m */,
				F8601AB2131322E400446C79 /* XMLDigesterPushBodyRule.h */,
				F8601AB3131322E400446C79 /* XMLDigesterPushBodyRule.m */,
				F8601AB4131322E400446C79 /* XMLDigesterRule.h */,
				F8601AB5131322E400446C79 /* XMLDigesterRule.m */,
				F8601AB6131322E400446C79 /* XMLDigesterSetNextRule.h */,
				F8601AB7131322E400446C79 /* XMLDigesterSetNextRule.m */,
				F8601AB8131322E400446C79 /* XMLDigesterSetPropertiesRule.h */,
				F8601AB9131322E400446C79 /* XMLDigesterSetPropertiesRule.m */,
				F8601ABA131322E400446C79 /* XMLDigesterSetPropertyRule.h */,
				F8601ABB131322E500446C79 /* XMLDigesterSetPropertyRule.m */,
				F8601AA21313228900446C79 /* Routes.xml */,
				F8601A911313225800446C79 /* RoutesAppDelegate.h */,
				F8601A921313225800446C79 /* RoutesAppDelegate.m */,
				F8601A941313225800446C79 /* MainWindow.xib */,
				F8601A971313225800446C79 /* RootViewController.h */,
				F8601A981313225800446C79 /* RootViewController.m */,
				F8601A9A1313225800446C79 /* RootViewController.xib */,
				F8601A891313225800446C79 /* Supporting Files */,
				F8601AC81313244C00446C79 /* XMLDigesterBlockRule.h */,
				F8601AC91313244C00446C79 /* XMLDigesterBlockRule.m */,
				F8601ACB131324B200446C79 /* Route.h */,
				F8601ACC131324B200446C79 /* Route.m */,
				F8601ACE1313281B00446C79 /* Stop.h */,
				F8601ACF1313281B00446C79 /* Stop.m */,
				F8601AD113132B3B00446C79 /* Direction.h */,
				F8601AD213132B3B00446C79 /* Direction.m */,
				F8601AD4131336BD00446C79 /* DirectionsTableViewController.h */,
				F8601AD5131336BE00446C79 /* DirectionsTableViewController.m */,
				F8601AD7131338B600446C79 /* StopsTableViewController.h */,
				F8601AD8131338B700446C79 /* StopsTableViewController.m */,
				F8601ADA13133FBA00446C79 /* StopViewController.h */,
				F8601ADB13133FBC00446C79 /* StopViewController.m */,
				F8601ADC13133FBE00446C79 /* StopViewController.xib */,
				F8601AE3131346C000446C79 /* RoutesParser.h */,
				F8601AE4131346C200446C79 /* RoutesParser.m */,
			);
			path = Routes;
			sourceTree = "<group>";
		};
		F8601A891313225800446C79 /* Supporting Files */ = {
			isa = PBXGroup;
			children = (
				F8601A8A1313225800446C79 /* Routes-Info.plist */,
				F8601A8B1313225800446C79 /* InfoPlist.strings */,
				F8601A8E1313225800446C79 /* Routes-Prefix.pch */,
				F8601A8F1313225800446C79 /* main.m */,
			);
			name = "Supporting Files";
			sourceTree = "<group>";
		};
/* End PBXGroup section */

/* Begin PBXNativeTarget section */
		F8601A7D1313225800446C79 /* Routes */ = {
			isa = PBXNativeTarget;
			buildConfigurationList = F8601A9F1313225800446C79 /* Build configuration list for PBXNativeTarget "Routes" */;
			buildPhases = (
				F8601A7A1313225800446C79 /* Sources */,
				F8601A7B1313225800446C79 /* Frameworks */,
				F8601A7C1313225800446C79 /* Resources */,
			);
			buildRules = (
			);
			dependencies = (
			);
			name = Routes;
			productName = Routes;
			productReference = F8601A7E1313225800446C79 /* Routes.app */;
			productType = "com.apple.product-type.application";
		};
/* End PBXNativeTarget section */

/* Begin PBXProject section */
		F8601A751313225800446C79 /* Project object */ = {
			isa = PBXProject;
			attributes = {
				ORGANIZATIONNAME = "Arentz Consulting";
			};
			buildConfigurationList = F8601A781313225800446C79 /* Build configuration list for PBXProject "Routes" */;
			compatibilityVersion = "Xcode 3.2";
			developmentRegion = English;
			hasScannedForEncodings = 0;
			knownRegions = (
				en,
			);
			mainGroup = F8601A731313225800446C79;
			productRefGroup = F8601A7F1313225800446C79 /* Products */;
			projectDirPath = "";
			projectRoot = "";
			targets = (
				F8601A7D1313225800446C79 /* Routes */,
			);
		};
/* End PBXProject section */

/* Begin PBXResourcesBuildPhase section */
		F8601A7C1313225800446C79 /* Resources */ = {
			isa = PBXResourcesBuildPhase;
			buildActionMask = 2147483647;
			files = (
				F8601A8D1313225800446C79 /* InfoPlist.strings in Resources */,
				F8601A961313225800446C79 /* MainWindow.xib in Resources */,
				F8601A9C1313225800446C79 /* RootViewController.xib in Resources */,
				F8601AA31313228900446C79 /* Routes.xml in Resources */,
				F8601ADE13133FC100446C79 /* StopViewController.xib in Resources */,
			);
			runOnlyForDeploymentPostprocessing = 0;
		};
/* End PBXResourcesBuildPhase section */

/* Begin PBXSourcesBuildPhase section */
		F8601A7A1313225800446C79 /* Sources */ = {
			isa = PBXSourcesBuildPhase;
			buildActionMask = 2147483647;
			files = (
				F8601A901313225800446C79 /* main.m in Sources */,
				F8601A931313225800446C79 /* RoutesAppDelegate.m in Sources */,
				F8601A991313225800446C79 /* RootViewController.m in Sources */,
				F8601ABC131322E500446C79 /* XMLDigester.m in Sources */,
				F8601ABD131322E500446C79 /* XMLDigesterAddObjectRule.m in Sources */,
				F8601ABE131322E500446C79 /* XMLDigesterCallMethodRule.m in Sources */,
				F8601ABF131322E500446C79 /* XMLDigesterCallMethodWithAttributeRule.m in Sources */,
				F8601AC0131322E500446C79 /* XMLDigesterCallMethodWithElementBodyRule.m in Sources */,
				F8601AC1131322E500446C79 /* XMLDigesterCallParamRule.m in Sources */,
				F8601AC2131322E500446C79 /* XMLDigesterObjectCreateRule.m in Sources */,
				F8601AC3131322E500446C79 /* XMLDigesterPushBodyRule.m in Sources */,
				F8601AC4131322E500446C79 /* XMLDigesterRule.m in Sources */,
				F8601AC5131322E500446C79 /* XMLDigesterSetNextRule.m in Sources */,
				F8601AC6131322E500446C79 /* XMLDigesterSetPropertiesRule.m in Sources */,
				F8601AC7131322E500446C79 /* XMLDigesterSetPropertyRule.m in Sources */,
				F8601ACA1313244C00446C79 /* XMLDigesterBlockRule.m in Sources */,
				F8601ACD131324B200446C79 /* Route.m in Sources */,
				F8601AD01313281B00446C79 /* Stop.m in Sources */,
				F8601AD313132B3B00446C79 /* Direction.m in Sources */,
				F8601AD6131336BF00446C79 /* DirectionsTableViewController.m in Sources */,
				F8601AD9131338B900446C79 /* StopsTableViewController.m in Sources */,
				F8601ADD13133FC100446C79 /* StopViewController.m in Sources */,
				F8601AE5131346C500446C79 /* RoutesParser.m in Sources */,
			);
			runOnlyForDeploymentPostprocessing = 0;
		};
/* End PBXSourcesBuildPhase section */

/* Begin PBXVariantGroup section */
		F8601A8B1313225800446C79 /* InfoPlist.strings */ = {
			isa = PBXVariantGroup;
			children = (
				F8601A8C1313225800446C79 /* en */,
			);
			name = InfoPlist.strings;
			sourceTree = "<group>";
		};
		F8601A941313225800446C79 /* MainWindow.xib */ = {
			isa = PBXVariantGroup;
			children = (
				F8601A951313225800446C79 /* en */,
			);
			name = MainWindow.xib;
			sourceTree = "<group>";
		};
		F8601A9A1313225800446C79 /* RootViewController.xib */ = {
			isa = PBXVariantGroup;
			children = (
				F8601A9B1313225800446C79 /* en */,
			);
			name = RootViewController.xib;
			sourceTree = "<group>";
		};
/* End PBXVariantGroup section */

/* Begin XCBuildConfiguration section */
		F8601A9D1313225800446C79 /* Debug */ = {
			isa = XCBuildConfiguration;
			buildSettings = {
				ARCHS = "$(ARCHS_STANDARD_32_BIT)";
				"CODE_SIGN_IDENTITY[sdk=iphoneos*]" = "iPhone Developer";
				GCC_C_LANGUAGE_STANDARD = gnu99;
				GCC_OPTIMIZATION_LEVEL = 0;
				GCC_PREPROCESSOR_DEFINITIONS = DEBUG;
				GCC_VERSION = com.apple.compilers.llvmgcc42;
				GCC_WARN_ABOUT_RETURN_TYPE = YES;
				GCC_WARN_UNUSED_VARIABLE = YES;
				IPHONEOS_DEPLOYMENT_TARGET = 4.2;
				SDKROOT = iphoneos;
			};
			name = Debug;
		};
		F8601A9E1313225800446C79 /* Release */ = {
			isa = XCBuildConfiguration;
			buildSettings = {
				ARCHS = "$(ARCHS_STANDARD_32_BIT)";
				"CODE_SIGN_IDENTITY[sdk=iphoneos*]" = "iPhone Developer";
				GCC_C_LANGUAGE_STANDARD = gnu99;
				GCC_VERSION = com.apple.compilers.llvmgcc42;
				GCC_WARN_ABOUT_RETURN_TYPE = YES;
				GCC_WARN_UNUSED_VARIABLE = YES;
				IPHONEOS_DEPLOYMENT_TARGET = 4.2;
				OTHER_CFLAGS = "-DNS_BLOCK_ASSERTIONS=1";
				SDKROOT = iphoneos;
			};
			name = Release;
		};
		F8601AA01313225800446C79 /* Debug */ = {
			isa = XCBuildConfiguration;
			buildSettings = {
				ALWAYS_SEARCH_USER_PATHS = NO;
				COPY_PHASE_STRIP = NO;
				GCC_DYNAMIC_NO_PIC = NO;
				GCC_PRECOMPILE_PREFIX_HEADER = YES;
				GCC_PREFIX_HEADER = "Routes/Routes-Prefix.pch";
				INFOPLIST_FILE = "Routes/Routes-Info.plist";
				INSTALL_PATH = "$(LOCAL_APPS_DIR)";
				PRODUCT_NAME = "$(TARGET_NAME)";
				WRAPPER_EXTENSION = app;
			};
			name = Debug;
		};
		F8601AA11313225800446C79 /* Release */ = {
			isa = XCBuildConfiguration;
			buildSettings = {
				ALWAYS_SEARCH_USER_PATHS = NO;
				COPY_PHASE_STRIP = YES;
				GCC_PRECOMPILE_PREFIX_HEADER = YES;
				GCC_PREFIX_HEADER = "Routes/Routes-Prefix.pch";
				INFOPLIST_FILE = "Routes/Routes-Info.plist";
				INSTALL_PATH = "$(LOCAL_APPS_DIR)";
				PRODUCT_NAME = "$(TARGET_NAME)";
				VALIDATE_PRODUCT = YES;
				WRAPPER_EXTENSION = app;
			};
			name = Release;
		};
/* End XCBuildConfiguration section */

/* Begin XCConfigurationList section */
		F8601A781313225800446C79 /* Build configuration list for PBXProject "Routes" */ = {
			isa = XCConfigurationList;
			buildConfigurations = (
				F8601A9D1313225800446C79 /* Debug */,
				F8601A9E1313225800446C79 /* Release */,
			);
			defaultConfigurationIsVisible = 0;
			defaultConfigurationName = Release;
		};
		F8601A9F1313225800446C79 /* Build configuration list for PBXNativeTarget "Routes" */ = {
			isa = XCConfigurationList;
			buildConfigurations = (
				F8601AA01313225800446C79 /* Debug */,
				F8601AA11313225800446C79 /* Release */,
			);
			defaultConfigurationIsVisible = 0;
		};
/* End XCConfigurationList section */
	};
	rootObject = F8601A751313225800446C79 /* Project object */;
}
