// !$*UTF8*$!
{
	archiveVersion = 1;
	classes = {
	};
	objectVersion = 46;
	objects = {

/* Begin PBXBuildFile section */
		F8601A831313225800446C79 /* UIKit.framework in Frameworks */ = {isa = PBXBuildFile; fileRef = F8601A821313225800446C79 /* UIKit.framework */; };
		F8601A851313225800446C79 /* Foundation.framework in Frameworks */ = {isa = PBXBuildFile; fileRef = F8601A841313225800446C79 /* Foundation.framework */; };
		F8601A871313225800446C79 /* CoreGraphics.framework in Frameworks */ = {isa = PBXBuildFile; fileRef = F8601A861313225800446C79 /* CoreGraphics.framework */; };
		F8601A8D1313225800446C79 /* InfoPlist.strings in Resources */ = {isa = PBXBuildFile; fileRef = F8601A8B1313225800446C79 /* InfoPlist.strings */; };
		F8601A901313225800446C79 /* main.m in Sources */ = {isa = PBXBuildFile; fileRef = F8601A8F1313225800446C79 /* main.m */; };
		F8601A931313225800446C79 /* RoutesAppDelegate.m in Sources */ = {isa = PBXBuildFile; fileRef = F8601A921313225800446C79 /* RoutesAppDelegate.m */; };
		F8601A961313225800446C79 /* MainWindow.xib in Resources */ = {isa = PBXBuildFile; fileRef = F8601A941313225800446C79 /* MainWindow.xib */; };
		F8601A991313225800446C79 /* RootViewController.m in Sources */ = {isa = PBXBuildFile; fileRef = F8601A981313225800446C79 /* RootViewController.m */; };
		F8601A9C1313225800446C79 /* RootViewController.xib in Resources */ = {isa = PBXBuildFile; fileRef = F8601A9A1313225800446C79 /* RootViewController.xib */; };
/* End PBXBuildFile section */

/* Begin PBXFileReference section */
		F8601A7E1313225800446C79 /* Routes.app */ = {isa = PBXFileReference; explicitFileType = wrapper.application; includeInIndex = 0; path = Routes.app; sourceTree = BUILT_PRODUCTS_DIR; };
		F8601A821313225800446C79 /* UIKit.framework */ = {isa = PBXFileReference; lastKnownFileType = wrapper.framework; name = UIKit.framework; path = System/Library/Frameworks/UIKit.framework; sourceTree = SDKROOT; };
		F8601A841313225800446C79 /* Foundation.framework */ = {isa = PBXFileReference; lastKnownFileType = wrapper.framework; name = Foundation.framework; path = System/Library/Frameworks/Foundation.framework; sourceTree = SDKROOT; };
		F8601A861313225800446C79 /* CoreGraphics.framework */ = {isa = PBXFileReference; lastKnownFileType = wrapper.framework; name = CoreGraphics.framework; path = System/Library/Frameworks/CoreGraphics.framework; sourceTree = SDKROOT; };
		F8601A8A1313225800446C79 /* Routes-Info.plist */ = {isa = PBXFileReference; path = "Routes-Info.plist"; sourceTree = "<group>"; };
		F8601A8C1313225800446C79 /* en */ = {isa = PBXFileReference; lastKnownFileType = text.plist.strings; name = en; path = en.lproj/InfoPlist.strings; sourceTree = "<group>"; };
		F8601A8E1313225800446C79 /* Routes-Prefix.pch */ = {isa = PBXFileReference; path = "Routes-Prefix.pch"; sourceTree = "<group>"; };
		F8601A8F1313225800446C79 /* main.m */ = {isa = PBXFileReference; lastKnownFileType = sourcecode.c.objc; path = main.m; sourceTree = "<group>"; };
		F8601A911313225800446C79 /* RoutesAppDelegate.h */ = {isa = PBXFileReference; path = RoutesAppDelegate.h; sourceTree = "<group>"; };
		F8601A921313225800446C79 /* RoutesAppDelegate.m */ = {isa = PBXFileReference; lastKnownFileType = sourcecode.c.objc; path = RoutesAppDelegate.m; sourceTree = "<group>"; };
		F8601A951313225800446C79 /* en */ = {isa = PBXFileReference; lastKnownFileType = file.xib; name = en; path = en.lproj/MainWindow.xib; sourceTree = "<group>"; };
		F8601A971313225800446C79 /* RootViewController.h */ = {isa = PBXFileReference; path = RootViewController.h; sourceTree = "<group>"; };
		F8601A981313225800446C79 /* RootViewController.m */ = {isa = PBXFileReference; lastKnownFileType = sourcecode.c.objc; path = RootViewController.m; sourceTree = "<group>"; };
		F8601A9B1313225800446C79 /* en */ = {isa = PBXFileReference; lastKnownFileType = file.xib; name = en; path = en.lproj/RootViewController.xib; sourceTree = "<group>"; };
/* End PBXFileReference section */

/* Begin PBXFrameworksBuildPhase section */
		F8601A7B1313225800446C79 /* Frameworks */ = {
			isa = PBXFrameworksBuildPhase;
			buildActionMask = 2147483647;
			files = (
				F8601A831313225800446C79 /* UIKit.framework in Frameworks */,
				F8601A851313225800446C79 /* Foundation.framework in Frameworks */,
				F8601A871313225800446C79 /* CoreGraphics.framework in Frameworks */,
			);
			runOnlyForDeploymentPostprocessing = 0;
		};
/* End PBXFrameworksBuildPhase section */

/* Begin PBXGroup section */
		F8601A731313225800446C79 = {
			isa = PBXGroup;
			children = (
				F8601A881313225800446C79 /* Routes */,
				F8601A811313225800446C79 /* Frameworks */,
				F8601A7F1313225800446C79 /* Products */,
			);
			sourceTree = "<group>";
		};
		F8601A7F1313225800446C79 /* Products */ = {
			isa = PBXGroup;
			children = (
				F8601A7E1313225800446C79 /* Routes.app */,
			);
			name = Products;
			sourceTree = "<group>";
		};
		F8601A811313225800446C79 /* Frameworks */ = {
			isa = PBXGroup;
			children = (
				F8601A821313225800446C79 /* UIKit.framework */,
				F8601A841313225800446C79 /* Foundation.framework */,
				F8601A861313225800446C79 /* CoreGraphics.framework */,
			);
			name = Frameworks;
			sourceTree = "<group>";
		};
		F8601A881313225800446C79 /* Routes */ = {
			isa = PBXGroup;
			children = (
				F8601A911313225800446C79 /* RoutesAppDelegate.h */,
				F8601A921313225800446C79 /* RoutesAppDelegate.m */,
				F8601A941313225800446C79 /* MainWindow.xib */,
				F8601A971313225800446C79 /* RootViewController.h */,
				F8601A981313225800446C79 /* RootViewController.m */,
				F8601A9A1313225800446C79 /* RootViewController.xib */,
				F8601A891313225800446C79 /* Supporting Files */,
			);
			path = Routes;
			sourceTree = "<group>";
		};
		F8601A891313225800446C79 /* Supporting Files */ = {
			isa = PBXGroup;
			children = (
				F8601A8A1313225800446C79 /* Routes-Info.plist */,
				F8601A8B1313225800446C79 /* InfoPlist.strings */,
				F8601A8E1313225800446C79 /* Routes-Prefix.pch */,
				F8601A8F1313225800446C79 /* main.m */,
			);
			name = "Supporting Files";
			sourceTree = "<group>";
		};
/* End PBXGroup section */

/* Begin PBXNativeTarget section */
		F8601A7D1313225800446C79 /* Routes */ = {
			isa = PBXNativeTarget;
			buildConfigurationList = F8601A9F1313225800446C79 /* Build configuration list for PBXNativeTarget "Routes" */;
			buildPhases = (
				F8601A7A1313225800446C79 /* Sources */,
				F8601A7B1313225800446C79 /* Frameworks */,
				F8601A7C1313225800446C79 /* Resources */,
			);
			buildRules = (
			);
			dependencies = (
			);
			name = Routes;
			productName = Routes;
			productReference = F8601A7E1313225800446C79 /* Routes.app */;
			productType = "com.apple.product-type.application";
		};
/* End PBXNativeTarget section */

/* Begin PBXProject section */
		F8601A751313225800446C79 /* Project object */ = {
			isa = PBXProject;
			attributes = {
				ORGANIZATIONNAME = "Arentz Consulting";
			};
			buildConfigurationList = F8601A781313225800446C79 /* Build configuration list for PBXProject "Routes" */;
			compatibilityVersion = "Xcode 3.2";
			developmentRegion = English;
			hasScannedForEncodings = 0;
			knownRegions = (
				en,
			);
			mainGroup = F8601A731313225800446C79;
			productRefGroup = F8601A7F1313225800446C79 /* Products */;
			projectDirPath = "";
			projectRoot = "";
			targets = (
				F8601A7D1313225800446C79 /* Routes */,
			);
		};
/* End PBXProject section */

/* Begin PBXResourcesBuildPhase section */
		F8601A7C1313225800446C79 /* Resources */ = {
			isa = PBXResourcesBuildPhase;
			buildActionMask = 2147483647;
			files = (
				F8601A8D1313225800446C79 /* InfoPlist.strings in Resources */,
				F8601A961313225800446C79 /* MainWindow.xib in Resources */,
				F8601A9C1313225800446C79 /* RootViewController.xib in Resources */,
			);
			runOnlyForDeploymentPostprocessing = 0;
		};
/* End PBXResourcesBuildPhase section */

/* Begin PBXSourcesBuildPhase section */
		F8601A7A1313225800446C79 /* Sources */ = {
			isa = PBXSourcesBuildPhase;
			buildActionMask = 2147483647;
			files = (
				F8601A901313225800446C79 /* main.m in Sources */,
				F8601A931313225800446C79 /* RoutesAppDelegate.m in Sources */,
				F8601A991313225800446C79 /* RootViewController.m in Sources */,
			);
			runOnlyForDeploymentPostprocessing = 0;
		};
/* End PBXSourcesBuildPhase section */

/* Begin PBXVariantGroup section */
		F8601A8B1313225800446C79 /* InfoPlist.strings */ = {
			isa = PBXVariantGroup;
			children = (
				F8601A8C1313225800446C79 /* en */,
			);
			name = InfoPlist.strings;
			sourceTree = "<group>";
		};
		F8601A941313225800446C79 /* MainWindow.xib */ = {
			isa = PBXVariantGroup;
			children = (
				F8601A951313225800446C79 /* en */,
			);
			name = MainWindow.xib;
			sourceTree = "<group>";
		};
		F8601A9A1313225800446C79 /* RootViewController.xib */ = {
			isa = PBXVariantGroup;
			children = (
				F8601A9B1313225800446C79 /* en */,
			);
			name = RootViewController.xib;
			sourceTree = "<group>";
		};
/* End PBXVariantGroup section */

/* Begin XCBuildConfiguration section */
		F8601A9D1313225800446C79 /* Debug */ = {
			isa = XCBuildConfiguration;
			buildSettings = {
				ARCHS = "$(ARCHS_STANDARD_32_BIT)";
				"CODE_SIGN_IDENTITY[sdk=iphoneos*]" = "iPhone Developer";
				GCC_C_LANGUAGE_STANDARD = gnu99;
				GCC_OPTIMIZATION_LEVEL = 0;
				GCC_PREPROCESSOR_DEFINITIONS = DEBUG;
				GCC_VERSION = com.apple.compilers.llvmgcc42;
				GCC_WARN_ABOUT_RETURN_TYPE = YES;
				GCC_WARN_UNUSED_VARIABLE = YES;
				IPHONEOS_DEPLOYMENT_TARGET = 4.2;
				SDKROOT = iphoneos;
			};
			name = Debug;
		};
		F8601A9E1313225800446C79 /* Release */ = {
			isa = XCBuildConfiguration;
			buildSettings = {
				ARCHS = "$(ARCHS_STANDARD_32_BIT)";
				"CODE_SIGN_IDENTITY[sdk=iphoneos*]" = "iPhone Developer";
				GCC_C_LANGUAGE_STANDARD = gnu99;
				GCC_VERSION = com.apple.compilers.llvmgcc42;
				GCC_WARN_ABOUT_RETURN_TYPE = YES;
				GCC_WARN_UNUSED_VARIABLE = YES;
				IPHONEOS_DEPLOYMENT_TARGET = 4.2;
				OTHER_CFLAGS = "-DNS_BLOCK_ASSERTIONS=1";
				SDKROOT = iphoneos;
			};
			name = Release;
		};
		F8601AA01313225800446C79 /* Debug */ = {
			isa = XCBuildConfiguration;
			buildSettings = {
				ALWAYS_SEARCH_USER_PATHS = NO;
				COPY_PHASE_STRIP = NO;
				GCC_DYNAMIC_NO_PIC = NO;
				GCC_PRECOMPILE_PREFIX_HEADER = YES;
				GCC_PREFIX_HEADER = "Routes/Routes-Prefix.pch";
				INFOPLIST_FILE = "Routes/Routes-Info.plist";
				INSTALL_PATH = "$(LOCAL_APPS_DIR)";
				PRODUCT_NAME = "$(TARGET_NAME)";
				WRAPPER_EXTENSION = app;
			};
			name = Debug;
		};
		F8601AA11313225800446C79 /* Release */ = {
			isa = XCBuildConfiguration;
			buildSettings = {
				ALWAYS_SEARCH_USER_PATHS = NO;
				COPY_PHASE_STRIP = YES;
				GCC_PRECOMPILE_PREFIX_HEADER = YES;
				GCC_PREFIX_HEADER = "Routes/Routes-Prefix.pch";
				INFOPLIST_FILE = "Routes/Routes-Info.plist";
				INSTALL_PATH = "$(LOCAL_APPS_DIR)";
				PRODUCT_NAME = "$(TARGET_NAME)";
				VALIDATE_PRODUCT = YES;
				WRAPPER_EXTENSION = app;
			};
			name = Release;
		};
/* End XCBuildConfiguration section */

/* Begin XCConfigurationList section */
		F8601A781313225800446C79 /* Build configuration list for PBXProject "Routes" */ = {
			isa = XCConfigurationList;
			buildConfigurations = (
				F8601A9D1313225800446C79 /* Debug */,
				F8601A9E1313225800446C79 /* Release */,
			);
			defaultConfigurationIsVisible = 0;
			defaultConfigurationName = Release;
		};
		F8601A9F1313225800446C79 /* Build configuration list for PBXNativeTarget "Routes" */ = {
			isa = XCConfigurationList;
			buildConfigurations = (
				F8601AA01313225800446C79 /* Debug */,
				F8601AA11313225800446C79 /* Release */,
			);
			defaultConfigurationIsVisible = 0;
		};
/* End XCConfigurationList section */
	};
	rootObject = F8601A751313225800446C79 /* Project object */;
}
